
Microsoft Visual Studio Solution File, Format Version 12.00
# Visual Studio Version 17
VisualStudioVersion = 17.0.31903.59
MinimumVisualStudioVersion = 10.0.40219.1
Project("{FAE04EC0-301F-11D3-BF4B-00C04F79EFBC}") = "ConsoleApp1", "ConsoleApp1\ConsoleApp1.csproj", "{067C2682-6466-44EF-B59D-223834CAB81C}"
EndProject
Project("{FAE04EC0-301F-11D3-BF4B-00C04F79EFBC}") = "Prep 02", "Prep 02\Prep 02.csproj", "{A7D5603B-A908-4096-A810-6594F83686EF}"
EndProject
Project("{FAE04EC0-301F-11D3-BF4B-00C04F79EFBC}") = "Prep 03", "Prep 03\Prep 03.csproj", "{BD1F1593-82C6-4DC7-8036-D99A9AE6BFCD}"
EndProject
Project("{FAE04EC0-301F-11D3-BF4B-00C04F79EFBC}") = "Prep 04", "Prep 04\Prep 04.csproj", "{0B0129E7-83B0-4634-BE04-26D014F3BADE}"
EndProject
Project("{FAE04EC0-301F-11D3-BF4B-00C04F79EFBC}") = "Prep 05", "Prep 05\Prep 05.csproj", "{205E2151-5581-44A7-B58E-ACDCA72207E2}"
EndProject
Project("{FAE04EC0-301F-11D3-BF4B-00C04F79EFBC}") = "Journal", "..\Journal\Journal.csproj", "{6574C13D-7C2D-484D-B1B0-6E3AD7E49D4F}"
EndProject
Project("{FAE04EC0-301F-11D3-BF4B-00C04F79EFBC}") = "scriptures", "..\Scriptures\scriptures\scriptures.csproj", "{F6E8C84D-B9DA-4F47-944E-5FFDB0797833}"
EndProject
Project("{FAE04EC0-301F-11D3-BF4B-00C04F79EFBC}") = "Mindfulness Program", "..\Mindfulness Program\Mindfulness Program.csproj", "{0875B37A-8BBB-4845-95F8-F86ABA44A603}"
EndProject
Global
	GlobalSection(SolutionConfigurationPlatforms) = preSolution
		Debug|Any CPU = Debug|Any CPU
		Release|Any CPU = Release|Any CPU
	EndGlobalSection
	GlobalSection(SolutionProperties) = preSolution
		HideSolutionNode = FALSE
	EndGlobalSection
	GlobalSection(ProjectConfigurationPlatforms) = postSolution
		{067C2682-6466-44EF-B59D-223834CAB81C}.Debug|Any CPU.ActiveCfg = Debug|Any CPU
		{067C2682-6466-44EF-B59D-223834CAB81C}.Debug|Any CPU.Build.0 = Debug|Any CPU
		{067C2682-6466-44EF-B59D-223834CAB81C}.Release|Any CPU.ActiveCfg = Release|Any CPU
		{067C2682-6466-44EF-B59D-223834CAB81C}.Release|Any CPU.Build.0 = Release|Any CPU
		{A7D5603B-A908-4096-A810-6594F83686EF}.Debug|Any CPU.ActiveCfg = Debug|Any CPU
		{A7D5603B-A908-4096-A810-6594F83686EF}.Debug|Any CPU.Build.0 = Debug|Any CPU
		{A7D5603B-A908-4096-A810-6594F83686EF}.Release|Any CPU.ActiveCfg = Release|Any CPU
		{A7D5603B-A908-4096-A810-6594F83686EF}.Release|Any CPU.Build.0 = Release|Any CPU
		{BD1F1593-82C6-4DC7-8036-D99A9AE6BFCD}.Debug|Any CPU.ActiveCfg = Debug|Any CPU
		{BD1F1593-82C6-4DC7-8036-D99A9AE6BFCD}.Debug|Any CPU.Build.0 = Debug|Any CPU
		{BD1F1593-82C6-4DC7-8036-D99A9AE6BFCD}.Release|Any CPU.ActiveCfg = Release|Any CPU
		{BD1F1593-82C6-4DC7-8036-D99A9AE6BFCD}.Release|Any CPU.Build.0 = Release|Any CPU
		{0B0129E7-83B0-4634-BE04-26D014F3BADE}.Debug|Any CPU.ActiveCfg = Debug|Any CPU
		{0B0129E7-83B0-4634-BE04-26D014F3BADE}.Debug|Any CPU.Build.0 = Debug|Any CPU
		{0B0129E7-83B0-4634-BE04-26D014F3BADE}.Release|Any CPU.ActiveCfg = Release|Any CPU
		{0B0129E7-83B0-4634-BE04-26D014F3BADE}.Release|Any CPU.Build.0 = Release|Any CPU
		{205E2151-5581-44A7-B58E-ACDCA72207E2}.Debug|Any CPU.ActiveCfg = Debug|Any CPU
		{205E2151-5581-44A7-B58E-ACDCA72207E2}.Debug|Any CPU.Build.0 = Debug|Any CPU
		{205E2151-5581-44A7-B58E-ACDCA72207E2}.Release|Any CPU.ActiveCfg = Release|Any CPU
		{205E2151-5581-44A7-B58E-ACDCA72207E2}.Release|Any CPU.Build.0 = Release|Any CPU
		{6574C13D-7C2D-484D-B1B0-6E3AD7E49D4F}.Debug|Any CPU.ActiveCfg = Debug|Any CPU
		{6574C13D-7C2D-484D-B1B0-6E3AD7E49D4F}.Debug|Any CPU.Build.0 = Debug|Any CPU
		{6574C13D-7C2D-484D-B1B0-6E3AD7E49D4F}.Release|Any CPU.ActiveCfg = Release|Any CPU
		{6574C13D-7C2D-484D-B1B0-6E3AD7E49D4F}.Release|Any CPU.Build.0 = Release|Any CPU
		{F6E8C84D-B9DA-4F47-944E-5FFDB0797833}.Debug|Any CPU.ActiveCfg = Debug|Any CPU
		{F6E8C84D-B9DA-4F47-944E-5FFDB0797833}.Debug|Any CPU.Build.0 = Debug|Any CPU
		{F6E8C84D-B9DA-4F47-944E-5FFDB0797833}.Release|Any CPU.ActiveCfg = Release|Any CPU
		{F6E8C84D-B9DA-4F47-944E-5FFDB0797833}.Release|Any CPU.Build.0 = Release|Any CPU
		{0875B37A-8BBB-4845-95F8-F86ABA44A603}.Debug|Any CPU.ActiveCfg = Debug|Any CPU
		{0875B37A-8BBB-4845-95F8-F86ABA44A603}.Debug|Any CPU.Build.0 = Debug|Any CPU
		{0875B37A-8BBB-4845-95F8-F86ABA44A603}.Release|Any CPU.ActiveCfg = Release|Any CPU
		{0875B37A-8BBB-4845-95F8-F86ABA44A603}.Release|Any CPU.Build.0 = Release|Any CPU
	EndGlobalSection
EndGlobal
